
Microsoft Visual Studio Solution File, Format Version 12.00
# Visual Studio Version 16
VisualStudioVersion = 16.0.29806.167
MinimumVisualStudioVersion = 10.0.40219.1
Project("{FAE04EC0-301F-11D3-BF4B-00C04F79EFBC}") = "CollectionView.Android", "CollectionView\CollectionView.Android\CollectionView.Android.csproj", "{630BB05C-1E8A-448D-BAB1-428D251F3A56}"
EndProject
Project("{FAE04EC0-301F-11D3-BF4B-00C04F79EFBC}") = "CollectionView.iOS", "CollectionView\CollectionView.iOS\CollectionView.iOS.csproj", "{D773917E-AE8E-4398-A8F7-F46C24A23F5F}"
EndProject
Project("{FAE04EC0-301F-11D3-BF4B-00C04F79EFBC}") = "CollectionView", "CollectionView\CollectionView\CollectionView.csproj", "{CDA823E4-00A1-4BC8-9A90-C4A373912AC1}"
EndProject
Global
	GlobalSection(SolutionConfigurationPlatforms) = preSolution
		Debug|Any CPU = Debug|Any CPU
		Debug|iPhone = Debug|iPhone
		Debug|iPhoneSimulator = Debug|iPhoneSimulator
		Release|Any CPU = Release|Any CPU
		Release|iPhone = Release|iPhone
		Release|iPhoneSimulator = Release|iPhoneSimulator
	EndGlobalSection
	GlobalSection(ProjectConfigurationPlatforms) = postSolution
		{630BB05C-1E8A-448D-BAB1-428D251F3A56}.Debug|Any CPU.ActiveCfg = Debug|Any CPU
		{630BB05C-1E8A-448D-BAB1-428D251F3A56}.Debug|Any CPU.Build.0 = Debug|Any CPU
		{630BB05C-1E8A-448D-BAB1-428D251F3A56}.Debug|Any CPU.Deploy.0 = Debug|Any CPU
		{630BB05C-1E8A-448D-BAB1-428D251F3A56}.Debug|iPhone.ActiveCfg = Debug|Any CPU
		{630BB05C-1E8A-448D-BAB1-428D251F3A56}.Debug|iPhone.Build.0 = Debug|Any CPU
		{630BB05C-1E8A-448D-BAB1-428D251F3A56}.Debug|iPhone.Deploy.0 = Debug|Any CPU
		{630BB05C-1E8A-448D-BAB1-428D251F3A56}.Debug|iPhoneSimulator.ActiveCfg = Debug|Any CPU
		{630BB05C-1E8A-448D-BAB1-428D251F3A56}.Debug|iPhoneSimulator.Build.0 = Debug|Any CPU
		{630BB05C-1E8A-448D-BAB1-428D251F3A56}.Debug|iPhoneSimulator.Deploy.0 = Debug|Any CPU
		{630BB05C-1E8A-448D-BAB1-428D251F3A56}.Release|Any CPU.ActiveCfg = Release|Any CPU
		{630BB05C-1E8A-448D-BAB1-428D251F3A56}.Release|Any CPU.Build.0 = Release|Any CPU
		{630BB05C-1E8A-448D-BAB1-428D251F3A56}.Release|Any CPU.Deploy.0 = Release|Any CPU
		{630BB05C-1E8A-448D-BAB1-428D251F3A56}.Release|iPhone.ActiveCfg = Release|Any CPU
		{630BB05C-1E8A-448D-BAB1-428D251F3A56}.Release|iPhone.Build.0 = Release|Any CPU
		{630BB05C-1E8A-448D-BAB1-428D251F3A56}.Release|iPhone.Deploy.0 = Release|Any CPU
		{630BB05C-1E8A-448D-BAB1-428D251F3A56}.Release|iPhoneSimulator.ActiveCfg = Release|Any CPU
		{630BB05C-1E8A-448D-BAB1-428D251F3A56}.Release|iPhoneSimulator.Build.0 = Release|Any CPU
		{630BB05C-1E8A-448D-BAB1-428D251F3A56}.Release|iPhoneSimulator.Deploy.0 = Release|Any CPU
		{D773917E-AE8E-4398-A8F7-F46C24A23F5F}.Debug|Any CPU.ActiveCfg = Debug|iPhoneSimulator
		{D773917E-AE8E-4398-A8F7-F46C24A23F5F}.Debug|Any CPU.Build.0 = Debug|iPhoneSimulator
		{D773917E-AE8E-4398-A8F7-F46C24A23F5F}.Debug|Any CPU.Deploy.0 = Debug|iPhoneSimulator
		{D773917E-AE8E-4398-A8F7-F46C24A23F5F}.Debug|iPhone.ActiveCfg = Debug|iPhone
		{D773917E-AE8E-4398-A8F7-F46C24A23F5F}.Debug|iPhone.Build.0 = Debug|iPhone
		{D773917E-AE8E-4398-A8F7-F46C24A23F5F}.Debug|iPhone.Deploy.0 = Debug|iPhone
		{D773917E-AE8E-4398-A8F7-F46C24A23F5F}.Debug|iPhoneSimulator.ActiveCfg = Debug|iPhoneSimulator
		{D773917E-AE8E-4398-A8F7-F46C24A23F5F}.Debug|iPhoneSimulator.Build.0 = Debug|iPhoneSimulator
		{D773917E-AE8E-4398-A8F7-F46C24A23F5F}.Debug|iPhoneSimulator.Deploy.0 = Debug|iPhoneSimulator
		{D773917E-AE8E-4398-A8F7-F46C24A23F5F}.Release|Any CPU.ActiveCfg = Release|iPhone
		{D773917E-AE8E-4398-A8F7-F46C24A23F5F}.Release|Any CPU.Build.0 = Release|iPhone
		{D773917E-AE8E-4398-A8F7-F46C24A23F5F}.Release|Any CPU.Deploy.0 = Release|iPhone
		{D773917E-AE8E-4398-A8F7-F46C24A23F5F}.Release|iPhone.ActiveCfg = Release|iPhone
		{D773917E-AE8E-4398-A8F7-F46C24A23F5F}.Release|iPhone.Build.0 = Release|iPhone
		{D773917E-AE8E-4398-A8F7-F46C24A23F5F}.Release|iPhone.Deploy.0 = Release|iPhone
		{D773917E-AE8E-4398-A8F7-F46C24A23F5F}.Release|iPhoneSimulator.ActiveCfg = Release|iPhoneSimulator
		{D773917E-AE8E-4398-A8F7-F46C24A23F5F}.Release|iPhoneSimulator.Build.0 = Release|iPhoneSimulator
		{D773917E-AE8E-4398-A8F7-F46C24A23F5F}.Release|iPhoneSimulator.Deploy.0 = Release|iPhoneSimulator
		{CDA823E4-00A1-4BC8-9A90-C4A373912AC1}.Debug|Any CPU.ActiveCfg = Debug|Any CPU
		{CDA823E4-00A1-4BC8-9A90-C4A373912AC1}.Debug|Any CPU.Build.0 = Debug|Any CPU
		{CDA823E4-00A1-4BC8-9A90-C4A373912AC1}.Debug|Any CPU.Deploy.0 = Debug|Any CPU
		{CDA823E4-00A1-4BC8-9A90-C4A373912AC1}.Debug|iPhone.ActiveCfg = Debug|Any CPU
		{CDA823E4-00A1-4BC8-9A90-C4A373912AC1}.Debug|iPhone.Build.0 = Debug|Any CPU
		{CDA823E4-00A1-4BC8-9A90-C4A373912AC1}.Debug|iPhone.Deploy.0 = Debug|Any CPU
		{CDA823E4-00A1-4BC8-9A90-C4A373912AC1}.Debug|iPhoneSimulator.ActiveCfg = Debug|Any CPU
		{CDA823E4-00A1-4BC8-9A90-C4A373912AC1}.Debug|iPhoneSimulator.Build.0 = Debug|Any CPU
		{CDA823E4-00A1-4BC8-9A90-C4A373912AC1}.Debug|iPhoneSimulator.Deploy.0 = Debug|Any CPU
		{CDA823E4-00A1-4BC8-9A90-C4A373912AC1}.Release|Any CPU.ActiveCfg = Release|Any CPU
		{CDA823E4-00A1-4BC8-9A90-C4A373912AC1}.Release|Any CPU.Build.0 = Release|Any CPU
		{CDA823E4-00A1-4BC8-9A90-C4A373912AC1}.Release|Any CPU.Deploy.0 = Release|Any CPU
		{CDA823E4-00A1-4BC8-9A90-C4A373912AC1}.Release|iPhone.ActiveCfg = Release|Any CPU
		{CDA823E4-00A1-4BC8-9A90-C4A373912AC1}.Release|iPhone.Build.0 = Release|Any CPU
		{CDA823E4-00A1-4BC8-9A90-C4A373912AC1}.Release|iPhone.Deploy.0 = Release|Any CPU
		{CDA823E4-00A1-4BC8-9A90-C4A373912AC1}.Release|iPhoneSimulator.ActiveCfg = Release|Any CPU
		{CDA823E4-00A1-4BC8-9A90-C4A373912AC1}.Release|iPhoneSimulator.Build.0 = Release|Any CPU
		{CDA823E4-00A1-4BC8-9A90-C4A373912AC1}.Release|iPhoneSimulator.Deploy.0 = Release|Any CPU
	EndGlobalSection
	GlobalSection(SolutionProperties) = preSolution
		HideSolutionNode = FALSE
	EndGlobalSection
	GlobalSection(ExtensibilityGlobals) = postSolution
		SolutionGuid = {660D8A99-771C-4323-983F-8D8AE8DE5E54}
	EndGlobalSection
EndGlobal
