
Microsoft Visual Studio Solution File, Format Version 12.00
# Visual Studio Version 16
VisualStudioVersion = 16.0.29806.167
MinimumVisualStudioVersion = 10.0.40219.1
Project("{FAE04EC0-301F-11D3-BF4B-00C04F79EFBC}") = "stlayout2.Android", "stlayout2\stlayout2.Android\stlayout2.Android.csproj", "{05639004-B6B6-4E42-AAB0-3FB0362993DD}"
EndProject
Project("{FAE04EC0-301F-11D3-BF4B-00C04F79EFBC}") = "stlayout2.iOS", "stlayout2\stlayout2.iOS\stlayout2.iOS.csproj", "{5F6324CB-FB55-4A36-8E63-4196F79F6C5F}"
EndProject
Project("{FAE04EC0-301F-11D3-BF4B-00C04F79EFBC}") = "stlayout2", "stlayout2\stlayout2\stlayout2.csproj", "{DCA24E80-4D84-4CC4-8468-BD3A0B3A891A}"
EndProject
Global
	GlobalSection(SolutionConfigurationPlatforms) = preSolution
		Debug|Any CPU = Debug|Any CPU
		Debug|iPhone = Debug|iPhone
		Debug|iPhoneSimulator = Debug|iPhoneSimulator
		Release|Any CPU = Release|Any CPU
		Release|iPhone = Release|iPhone
		Release|iPhoneSimulator = Release|iPhoneSimulator
	EndGlobalSection
	GlobalSection(ProjectConfigurationPlatforms) = postSolution
		{05639004-B6B6-4E42-AAB0-3FB0362993DD}.Debug|Any CPU.ActiveCfg = Debug|Any CPU
		{05639004-B6B6-4E42-AAB0-3FB0362993DD}.Debug|Any CPU.Build.0 = Debug|Any CPU
		{05639004-B6B6-4E42-AAB0-3FB0362993DD}.Debug|Any CPU.Deploy.0 = Debug|Any CPU
		{05639004-B6B6-4E42-AAB0-3FB0362993DD}.Debug|iPhone.ActiveCfg = Debug|Any CPU
		{05639004-B6B6-4E42-AAB0-3FB0362993DD}.Debug|iPhone.Build.0 = Debug|Any CPU
		{05639004-B6B6-4E42-AAB0-3FB0362993DD}.Debug|iPhone.Deploy.0 = Debug|Any CPU
		{05639004-B6B6-4E42-AAB0-3FB0362993DD}.Debug|iPhoneSimulator.ActiveCfg = Debug|Any CPU
		{05639004-B6B6-4E42-AAB0-3FB0362993DD}.Debug|iPhoneSimulator.Build.0 = Debug|Any CPU
		{05639004-B6B6-4E42-AAB0-3FB0362993DD}.Debug|iPhoneSimulator.Deploy.0 = Debug|Any CPU
		{05639004-B6B6-4E42-AAB0-3FB0362993DD}.Release|Any CPU.ActiveCfg = Release|Any CPU
		{05639004-B6B6-4E42-AAB0-3FB0362993DD}.Release|Any CPU.Build.0 = Release|Any CPU
		{05639004-B6B6-4E42-AAB0-3FB0362993DD}.Release|Any CPU.Deploy.0 = Release|Any CPU
		{05639004-B6B6-4E42-AAB0-3FB0362993DD}.Release|iPhone.ActiveCfg = Release|Any CPU
		{05639004-B6B6-4E42-AAB0-3FB0362993DD}.Release|iPhone.Build.0 = Release|Any CPU
		{05639004-B6B6-4E42-AAB0-3FB0362993DD}.Release|iPhone.Deploy.0 = Release|Any CPU
		{05639004-B6B6-4E42-AAB0-3FB0362993DD}.Release|iPhoneSimulator.ActiveCfg = Release|Any CPU
		{05639004-B6B6-4E42-AAB0-3FB0362993DD}.Release|iPhoneSimulator.Build.0 = Release|Any CPU
		{05639004-B6B6-4E42-AAB0-3FB0362993DD}.Release|iPhoneSimulator.Deploy.0 = Release|Any CPU
		{5F6324CB-FB55-4A36-8E63-4196F79F6C5F}.Debug|Any CPU.ActiveCfg = Debug|iPhoneSimulator
		{5F6324CB-FB55-4A36-8E63-4196F79F6C5F}.Debug|Any CPU.Build.0 = Debug|iPhoneSimulator
		{5F6324CB-FB55-4A36-8E63-4196F79F6C5F}.Debug|Any CPU.Deploy.0 = Debug|iPhoneSimulator
		{5F6324CB-FB55-4A36-8E63-4196F79F6C5F}.Debug|iPhone.ActiveCfg = Debug|iPhone
		{5F6324CB-FB55-4A36-8E63-4196F79F6C5F}.Debug|iPhone.Build.0 = Debug|iPhone
		{5F6324CB-FB55-4A36-8E63-4196F79F6C5F}.Debug|iPhone.Deploy.0 = Debug|iPhone
		{5F6324CB-FB55-4A36-8E63-4196F79F6C5F}.Debug|iPhoneSimulator.ActiveCfg = Debug|iPhoneSimulator
		{5F6324CB-FB55-4A36-8E63-4196F79F6C5F}.Debug|iPhoneSimulator.Build.0 = Debug|iPhoneSimulator
		{5F6324CB-FB55-4A36-8E63-4196F79F6C5F}.Debug|iPhoneSimulator.Deploy.0 = Debug|iPhoneSimulator
		{5F6324CB-FB55-4A36-8E63-4196F79F6C5F}.Release|Any CPU.ActiveCfg = Release|iPhone
		{5F6324CB-FB55-4A36-8E63-4196F79F6C5F}.Release|Any CPU.Build.0 = Release|iPhone
		{5F6324CB-FB55-4A36-8E63-4196F79F6C5F}.Release|Any CPU.Deploy.0 = Release|iPhone
		{5F6324CB-FB55-4A36-8E63-4196F79F6C5F}.Release|iPhone.ActiveCfg = Release|iPhone
		{5F6324CB-FB55-4A36-8E63-4196F79F6C5F}.Release|iPhone.Build.0 = Release|iPhone
		{5F6324CB-FB55-4A36-8E63-4196F79F6C5F}.Release|iPhone.Deploy.0 = Release|iPhone
		{5F6324CB-FB55-4A36-8E63-4196F79F6C5F}.Release|iPhoneSimulator.ActiveCfg = Release|iPhoneSimulator
		{5F6324CB-FB55-4A36-8E63-4196F79F6C5F}.Release|iPhoneSimulator.Build.0 = Release|iPhoneSimulator
		{5F6324CB-FB55-4A36-8E63-4196F79F6C5F}.Release|iPhoneSimulator.Deploy.0 = Release|iPhoneSimulator
		{DCA24E80-4D84-4CC4-8468-BD3A0B3A891A}.Debug|Any CPU.ActiveCfg = Debug|Any CPU
		{DCA24E80-4D84-4CC4-8468-BD3A0B3A891A}.Debug|Any CPU.Build.0 = Debug|Any CPU
		{DCA24E80-4D84-4CC4-8468-BD3A0B3A891A}.Debug|Any CPU.Deploy.0 = Debug|Any CPU
		{DCA24E80-4D84-4CC4-8468-BD3A0B3A891A}.Debug|iPhone.ActiveCfg = Debug|Any CPU
		{DCA24E80-4D84-4CC4-8468-BD3A0B3A891A}.Debug|iPhone.Build.0 = Debug|Any CPU
		{DCA24E80-4D84-4CC4-8468-BD3A0B3A891A}.Debug|iPhone.Deploy.0 = Debug|Any CPU
		{DCA24E80-4D84-4CC4-8468-BD3A0B3A891A}.Debug|iPhoneSimulator.ActiveCfg = Debug|Any CPU
		{DCA24E80-4D84-4CC4-8468-BD3A0B3A891A}.Debug|iPhoneSimulator.Build.0 = Debug|Any CPU
		{DCA24E80-4D84-4CC4-8468-BD3A0B3A891A}.Debug|iPhoneSimulator.Deploy.0 = Debug|Any CPU
		{DCA24E80-4D84-4CC4-8468-BD3A0B3A891A}.Release|Any CPU.ActiveCfg = Release|Any CPU
		{DCA24E80-4D84-4CC4-8468-BD3A0B3A891A}.Release|Any CPU.Build.0 = Release|Any CPU
		{DCA24E80-4D84-4CC4-8468-BD3A0B3A891A}.Release|Any CPU.Deploy.0 = Release|Any CPU
		{DCA24E80-4D84-4CC4-8468-BD3A0B3A891A}.Release|iPhone.ActiveCfg = Release|Any CPU
		{DCA24E80-4D84-4CC4-8468-BD3A0B3A891A}.Release|iPhone.Build.0 = Release|Any CPU
		{DCA24E80-4D84-4CC4-8468-BD3A0B3A891A}.Release|iPhone.Deploy.0 = Release|Any CPU
		{DCA24E80-4D84-4CC4-8468-BD3A0B3A891A}.Release|iPhoneSimulator.ActiveCfg = Release|Any CPU
		{DCA24E80-4D84-4CC4-8468-BD3A0B3A891A}.Release|iPhoneSimulator.Build.0 = Release|Any CPU
		{DCA24E80-4D84-4CC4-8468-BD3A0B3A891A}.Release|iPhoneSimulator.Deploy.0 = Release|Any CPU
	EndGlobalSection
	GlobalSection(SolutionProperties) = preSolution
		HideSolutionNode = FALSE
	EndGlobalSection
	GlobalSection(ExtensibilityGlobals) = postSolution
		SolutionGuid = {B3ED97A8-5969-4C58-8862-B8FD58185E84}
	EndGlobalSection
EndGlobal
