
Microsoft Visual Studio Solution File, Format Version 12.00
# Visual Studio Version 16
VisualStudioVersion = 16.0.29806.167
MinimumVisualStudioVersion = 10.0.40219.1
Project("{FAE04EC0-301F-11D3-BF4B-00C04F79EFBC}") = "BDSQLite1.Android", "BDSQLite1\BDSQLite1.Android\BDSQLite1.Android.csproj", "{50CA7703-1D17-41A5-BE9E-1E90DD51F383}"
EndProject
Project("{FAE04EC0-301F-11D3-BF4B-00C04F79EFBC}") = "BDSQLite1.iOS", "BDSQLite1\BDSQLite1.iOS\BDSQLite1.iOS.csproj", "{87C8968F-6DB6-4FB3-9BB5-F7B07C6F41C1}"
EndProject
Project("{FAE04EC0-301F-11D3-BF4B-00C04F79EFBC}") = "BDSQLite1", "BDSQLite1\BDSQLite1\BDSQLite1.csproj", "{AA7A8A25-0E08-4FEA-9150-9A2056E3036A}"
EndProject
Global
	GlobalSection(SolutionConfigurationPlatforms) = preSolution
		Debug|Any CPU = Debug|Any CPU
		Debug|iPhone = Debug|iPhone
		Debug|iPhoneSimulator = Debug|iPhoneSimulator
		Release|Any CPU = Release|Any CPU
		Release|iPhone = Release|iPhone
		Release|iPhoneSimulator = Release|iPhoneSimulator
	EndGlobalSection
	GlobalSection(ProjectConfigurationPlatforms) = postSolution
		{50CA7703-1D17-41A5-BE9E-1E90DD51F383}.Debug|Any CPU.ActiveCfg = Debug|Any CPU
		{50CA7703-1D17-41A5-BE9E-1E90DD51F383}.Debug|Any CPU.Build.0 = Debug|Any CPU
		{50CA7703-1D17-41A5-BE9E-1E90DD51F383}.Debug|Any CPU.Deploy.0 = Debug|Any CPU
		{50CA7703-1D17-41A5-BE9E-1E90DD51F383}.Debug|iPhone.ActiveCfg = Debug|Any CPU
		{50CA7703-1D17-41A5-BE9E-1E90DD51F383}.Debug|iPhone.Build.0 = Debug|Any CPU
		{50CA7703-1D17-41A5-BE9E-1E90DD51F383}.Debug|iPhone.Deploy.0 = Debug|Any CPU
		{50CA7703-1D17-41A5-BE9E-1E90DD51F383}.Debug|iPhoneSimulator.ActiveCfg = Debug|Any CPU
		{50CA7703-1D17-41A5-BE9E-1E90DD51F383}.Debug|iPhoneSimulator.Build.0 = Debug|Any CPU
		{50CA7703-1D17-41A5-BE9E-1E90DD51F383}.Debug|iPhoneSimulator.Deploy.0 = Debug|Any CPU
		{50CA7703-1D17-41A5-BE9E-1E90DD51F383}.Release|Any CPU.ActiveCfg = Release|Any CPU
		{50CA7703-1D17-41A5-BE9E-1E90DD51F383}.Release|Any CPU.Build.0 = Release|Any CPU
		{50CA7703-1D17-41A5-BE9E-1E90DD51F383}.Release|Any CPU.Deploy.0 = Release|Any CPU
		{50CA7703-1D17-41A5-BE9E-1E90DD51F383}.Release|iPhone.ActiveCfg = Release|Any CPU
		{50CA7703-1D17-41A5-BE9E-1E90DD51F383}.Release|iPhone.Build.0 = Release|Any CPU
		{50CA7703-1D17-41A5-BE9E-1E90DD51F383}.Release|iPhone.Deploy.0 = Release|Any CPU
		{50CA7703-1D17-41A5-BE9E-1E90DD51F383}.Release|iPhoneSimulator.ActiveCfg = Release|Any CPU
		{50CA7703-1D17-41A5-BE9E-1E90DD51F383}.Release|iPhoneSimulator.Build.0 = Release|Any CPU
		{50CA7703-1D17-41A5-BE9E-1E90DD51F383}.Release|iPhoneSimulator.Deploy.0 = Release|Any CPU
		{87C8968F-6DB6-4FB3-9BB5-F7B07C6F41C1}.Debug|Any CPU.ActiveCfg = Debug|iPhoneSimulator
		{87C8968F-6DB6-4FB3-9BB5-F7B07C6F41C1}.Debug|Any CPU.Build.0 = Debug|iPhoneSimulator
		{87C8968F-6DB6-4FB3-9BB5-F7B07C6F41C1}.Debug|Any CPU.Deploy.0 = Debug|iPhoneSimulator
		{87C8968F-6DB6-4FB3-9BB5-F7B07C6F41C1}.Debug|iPhone.ActiveCfg = Debug|iPhone
		{87C8968F-6DB6-4FB3-9BB5-F7B07C6F41C1}.Debug|iPhone.Build.0 = Debug|iPhone
		{87C8968F-6DB6-4FB3-9BB5-F7B07C6F41C1}.Debug|iPhone.Deploy.0 = Debug|iPhone
		{87C8968F-6DB6-4FB3-9BB5-F7B07C6F41C1}.Debug|iPhoneSimulator.ActiveCfg = Debug|iPhoneSimulator
		{87C8968F-6DB6-4FB3-9BB5-F7B07C6F41C1}.Debug|iPhoneSimulator.Build.0 = Debug|iPhoneSimulator
		{87C8968F-6DB6-4FB3-9BB5-F7B07C6F41C1}.Debug|iPhoneSimulator.Deploy.0 = Debug|iPhoneSimulator
		{87C8968F-6DB6-4FB3-9BB5-F7B07C6F41C1}.Release|Any CPU.ActiveCfg = Release|iPhone
		{87C8968F-6DB6-4FB3-9BB5-F7B07C6F41C1}.Release|Any CPU.Build.0 = Release|iPhone
		{87C8968F-6DB6-4FB3-9BB5-F7B07C6F41C1}.Release|Any CPU.Deploy.0 = Release|iPhone
		{87C8968F-6DB6-4FB3-9BB5-F7B07C6F41C1}.Release|iPhone.ActiveCfg = Release|iPhone
		{87C8968F-6DB6-4FB3-9BB5-F7B07C6F41C1}.Release|iPhone.Build.0 = Release|iPhone
		{87C8968F-6DB6-4FB3-9BB5-F7B07C6F41C1}.Release|iPhone.Deploy.0 = Release|iPhone
		{87C8968F-6DB6-4FB3-9BB5-F7B07C6F41C1}.Release|iPhoneSimulator.ActiveCfg = Release|iPhoneSimulator
		{87C8968F-6DB6-4FB3-9BB5-F7B07C6F41C1}.Release|iPhoneSimulator.Build.0 = Release|iPhoneSimulator
		{87C8968F-6DB6-4FB3-9BB5-F7B07C6F41C1}.Release|iPhoneSimulator.Deploy.0 = Release|iPhoneSimulator
		{AA7A8A25-0E08-4FEA-9150-9A2056E3036A}.Debug|Any CPU.ActiveCfg = Debug|Any CPU
		{AA7A8A25-0E08-4FEA-9150-9A2056E3036A}.Debug|Any CPU.Build.0 = Debug|Any CPU
		{AA7A8A25-0E08-4FEA-9150-9A2056E3036A}.Debug|Any CPU.Deploy.0 = Debug|Any CPU
		{AA7A8A25-0E08-4FEA-9150-9A2056E3036A}.Debug|iPhone.ActiveCfg = Debug|Any CPU
		{AA7A8A25-0E08-4FEA-9150-9A2056E3036A}.Debug|iPhone.Build.0 = Debug|Any CPU
		{AA7A8A25-0E08-4FEA-9150-9A2056E3036A}.Debug|iPhone.Deploy.0 = Debug|Any CPU
		{AA7A8A25-0E08-4FEA-9150-9A2056E3036A}.Debug|iPhoneSimulator.ActiveCfg = Debug|Any CPU
		{AA7A8A25-0E08-4FEA-9150-9A2056E3036A}.Debug|iPhoneSimulator.Build.0 = Debug|Any CPU
		{AA7A8A25-0E08-4FEA-9150-9A2056E3036A}.Debug|iPhoneSimulator.Deploy.0 = Debug|Any CPU
		{AA7A8A25-0E08-4FEA-9150-9A2056E3036A}.Release|Any CPU.ActiveCfg = Release|Any CPU
		{AA7A8A25-0E08-4FEA-9150-9A2056E3036A}.Release|Any CPU.Build.0 = Release|Any CPU
		{AA7A8A25-0E08-4FEA-9150-9A2056E3036A}.Release|Any CPU.Deploy.0 = Release|Any CPU
		{AA7A8A25-0E08-4FEA-9150-9A2056E3036A}.Release|iPhone.ActiveCfg = Release|Any CPU
		{AA7A8A25-0E08-4FEA-9150-9A2056E3036A}.Release|iPhone.Build.0 = Release|Any CPU
		{AA7A8A25-0E08-4FEA-9150-9A2056E3036A}.Release|iPhone.Deploy.0 = Release|Any CPU
		{AA7A8A25-0E08-4FEA-9150-9A2056E3036A}.Release|iPhoneSimulator.ActiveCfg = Release|Any CPU
		{AA7A8A25-0E08-4FEA-9150-9A2056E3036A}.Release|iPhoneSimulator.Build.0 = Release|Any CPU
		{AA7A8A25-0E08-4FEA-9150-9A2056E3036A}.Release|iPhoneSimulator.Deploy.0 = Release|Any CPU
	EndGlobalSection
	GlobalSection(SolutionProperties) = preSolution
		HideSolutionNode = FALSE
	EndGlobalSection
	GlobalSection(ExtensibilityGlobals) = postSolution
		SolutionGuid = {5381C506-02D3-4280-A823-6EEAB76D10C2}
	EndGlobalSection
EndGlobal
