
Microsoft Visual Studio Solution File, Format Version 12.00
# Visual Studio Version 16
VisualStudioVersion = 16.0.29806.167
MinimumVisualStudioVersion = 10.0.40219.1
Project("{FAE04EC0-301F-11D3-BF4B-00C04F79EFBC}") = "SplashNotificaciones.Android", "SplashNotificaciones.Android\SplashNotificaciones.Android.csproj", "{798D637B-079F-4932-BA6C-D5D4B73C12F7}"
EndProject
Project("{FAE04EC0-301F-11D3-BF4B-00C04F79EFBC}") = "SplashNotificaciones.iOS", "SplashNotificaciones.iOS\SplashNotificaciones.iOS.csproj", "{698924C9-94AA-4B83-8335-B6EBC9A8D196}"
EndProject
Project("{FAE04EC0-301F-11D3-BF4B-00C04F79EFBC}") = "SplashNotificaciones", "SplashNotificaciones\SplashNotificaciones.csproj", "{56CA1D11-F0F5-4701-A47C-85F36BAE946B}"
EndProject
Global
	GlobalSection(SolutionConfigurationPlatforms) = preSolution
		Debug|Any CPU = Debug|Any CPU
		Debug|iPhone = Debug|iPhone
		Debug|iPhoneSimulator = Debug|iPhoneSimulator
		Release|Any CPU = Release|Any CPU
		Release|iPhone = Release|iPhone
		Release|iPhoneSimulator = Release|iPhoneSimulator
	EndGlobalSection
	GlobalSection(ProjectConfigurationPlatforms) = postSolution
		{798D637B-079F-4932-BA6C-D5D4B73C12F7}.Debug|Any CPU.ActiveCfg = Debug|Any CPU
		{798D637B-079F-4932-BA6C-D5D4B73C12F7}.Debug|Any CPU.Build.0 = Debug|Any CPU
		{798D637B-079F-4932-BA6C-D5D4B73C12F7}.Debug|Any CPU.Deploy.0 = Debug|Any CPU
		{798D637B-079F-4932-BA6C-D5D4B73C12F7}.Debug|iPhone.ActiveCfg = Debug|Any CPU
		{798D637B-079F-4932-BA6C-D5D4B73C12F7}.Debug|iPhone.Build.0 = Debug|Any CPU
		{798D637B-079F-4932-BA6C-D5D4B73C12F7}.Debug|iPhone.Deploy.0 = Debug|Any CPU
		{798D637B-079F-4932-BA6C-D5D4B73C12F7}.Debug|iPhoneSimulator.ActiveCfg = Debug|Any CPU
		{798D637B-079F-4932-BA6C-D5D4B73C12F7}.Debug|iPhoneSimulator.Build.0 = Debug|Any CPU
		{798D637B-079F-4932-BA6C-D5D4B73C12F7}.Debug|iPhoneSimulator.Deploy.0 = Debug|Any CPU
		{798D637B-079F-4932-BA6C-D5D4B73C12F7}.Release|Any CPU.ActiveCfg = Release|Any CPU
		{798D637B-079F-4932-BA6C-D5D4B73C12F7}.Release|Any CPU.Build.0 = Release|Any CPU
		{798D637B-079F-4932-BA6C-D5D4B73C12F7}.Release|Any CPU.Deploy.0 = Release|Any CPU
		{798D637B-079F-4932-BA6C-D5D4B73C12F7}.Release|iPhone.ActiveCfg = Release|Any CPU
		{798D637B-079F-4932-BA6C-D5D4B73C12F7}.Release|iPhone.Build.0 = Release|Any CPU
		{798D637B-079F-4932-BA6C-D5D4B73C12F7}.Release|iPhone.Deploy.0 = Release|Any CPU
		{798D637B-079F-4932-BA6C-D5D4B73C12F7}.Release|iPhoneSimulator.ActiveCfg = Release|Any CPU
		{798D637B-079F-4932-BA6C-D5D4B73C12F7}.Release|iPhoneSimulator.Build.0 = Release|Any CPU
		{798D637B-079F-4932-BA6C-D5D4B73C12F7}.Release|iPhoneSimulator.Deploy.0 = Release|Any CPU
		{698924C9-94AA-4B83-8335-B6EBC9A8D196}.Debug|Any CPU.ActiveCfg = Debug|iPhoneSimulator
		{698924C9-94AA-4B83-8335-B6EBC9A8D196}.Debug|Any CPU.Build.0 = Debug|iPhoneSimulator
		{698924C9-94AA-4B83-8335-B6EBC9A8D196}.Debug|Any CPU.Deploy.0 = Debug|iPhoneSimulator
		{698924C9-94AA-4B83-8335-B6EBC9A8D196}.Debug|iPhone.ActiveCfg = Debug|iPhone
		{698924C9-94AA-4B83-8335-B6EBC9A8D196}.Debug|iPhone.Build.0 = Debug|iPhone
		{698924C9-94AA-4B83-8335-B6EBC9A8D196}.Debug|iPhone.Deploy.0 = Debug|iPhone
		{698924C9-94AA-4B83-8335-B6EBC9A8D196}.Debug|iPhoneSimulator.ActiveCfg = Debug|iPhoneSimulator
		{698924C9-94AA-4B83-8335-B6EBC9A8D196}.Debug|iPhoneSimulator.Build.0 = Debug|iPhoneSimulator
		{698924C9-94AA-4B83-8335-B6EBC9A8D196}.Debug|iPhoneSimulator.Deploy.0 = Debug|iPhoneSimulator
		{698924C9-94AA-4B83-8335-B6EBC9A8D196}.Release|Any CPU.ActiveCfg = Release|iPhone
		{698924C9-94AA-4B83-8335-B6EBC9A8D196}.Release|Any CPU.Build.0 = Release|iPhone
		{698924C9-94AA-4B83-8335-B6EBC9A8D196}.Release|Any CPU.Deploy.0 = Release|iPhone
		{698924C9-94AA-4B83-8335-B6EBC9A8D196}.Release|iPhone.ActiveCfg = Release|iPhone
		{698924C9-94AA-4B83-8335-B6EBC9A8D196}.Release|iPhone.Build.0 = Release|iPhone
		{698924C9-94AA-4B83-8335-B6EBC9A8D196}.Release|iPhone.Deploy.0 = Release|iPhone
		{698924C9-94AA-4B83-8335-B6EBC9A8D196}.Release|iPhoneSimulator.ActiveCfg = Release|iPhoneSimulator
		{698924C9-94AA-4B83-8335-B6EBC9A8D196}.Release|iPhoneSimulator.Build.0 = Release|iPhoneSimulator
		{698924C9-94AA-4B83-8335-B6EBC9A8D196}.Release|iPhoneSimulator.Deploy.0 = Release|iPhoneSimulator
		{56CA1D11-F0F5-4701-A47C-85F36BAE946B}.Debug|Any CPU.ActiveCfg = Debug|Any CPU
		{56CA1D11-F0F5-4701-A47C-85F36BAE946B}.Debug|Any CPU.Build.0 = Debug|Any CPU
		{56CA1D11-F0F5-4701-A47C-85F36BAE946B}.Debug|Any CPU.Deploy.0 = Debug|Any CPU
		{56CA1D11-F0F5-4701-A47C-85F36BAE946B}.Debug|iPhone.ActiveCfg = Debug|Any CPU
		{56CA1D11-F0F5-4701-A47C-85F36BAE946B}.Debug|iPhone.Build.0 = Debug|Any CPU
		{56CA1D11-F0F5-4701-A47C-85F36BAE946B}.Debug|iPhone.Deploy.0 = Debug|Any CPU
		{56CA1D11-F0F5-4701-A47C-85F36BAE946B}.Debug|iPhoneSimulator.ActiveCfg = Debug|Any CPU
		{56CA1D11-F0F5-4701-A47C-85F36BAE946B}.Debug|iPhoneSimulator.Build.0 = Debug|Any CPU
		{56CA1D11-F0F5-4701-A47C-85F36BAE946B}.Debug|iPhoneSimulator.Deploy.0 = Debug|Any CPU
		{56CA1D11-F0F5-4701-A47C-85F36BAE946B}.Release|Any CPU.ActiveCfg = Release|Any CPU
		{56CA1D11-F0F5-4701-A47C-85F36BAE946B}.Release|Any CPU.Build.0 = Release|Any CPU
		{56CA1D11-F0F5-4701-A47C-85F36BAE946B}.Release|Any CPU.Deploy.0 = Release|Any CPU
		{56CA1D11-F0F5-4701-A47C-85F36BAE946B}.Release|iPhone.ActiveCfg = Release|Any CPU
		{56CA1D11-F0F5-4701-A47C-85F36BAE946B}.Release|iPhone.Build.0 = Release|Any CPU
		{56CA1D11-F0F5-4701-A47C-85F36BAE946B}.Release|iPhone.Deploy.0 = Release|Any CPU
		{56CA1D11-F0F5-4701-A47C-85F36BAE946B}.Release|iPhoneSimulator.ActiveCfg = Release|Any CPU
		{56CA1D11-F0F5-4701-A47C-85F36BAE946B}.Release|iPhoneSimulator.Build.0 = Release|Any CPU
		{56CA1D11-F0F5-4701-A47C-85F36BAE946B}.Release|iPhoneSimulator.Deploy.0 = Release|Any CPU
	EndGlobalSection
	GlobalSection(SolutionProperties) = preSolution
		HideSolutionNode = FALSE
	EndGlobalSection
	GlobalSection(ExtensibilityGlobals) = postSolution
		SolutionGuid = {BC0A6A7F-2F8A-44B8-B1E6-2E0DF15BA67B}
	EndGlobalSection
EndGlobal
